
Microsoft Visual Studio Solution File, Format Version 12.00
# Visual Studio Version 16
VisualStudioVersion = 16.0.31605.320
MinimumVisualStudioVersion = 10.0.40219.1
Project("{888888A0-9F3D-457C-B088-3A5042F75D52}") = "Entry_test", "Entry_test\Entry_test.pyproj", "{3233C7CD-A85F-48BC-8E39-5F3D998CB2AA}"
EndProject
Global
	GlobalSection(SolutionConfigurationPlatforms) = preSolution
		Debug|Any CPU = Debug|Any CPU
		Release|Any CPU = Release|Any CPU
	EndGlobalSection
	GlobalSection(ProjectConfigurationPlatforms) = postSolution
		{3233C7CD-A85F-48BC-8E39-5F3D998CB2AA}.Debug|Any CPU.ActiveCfg = Debug|Any CPU
		{3233C7CD-A85F-48BC-8E39-5F3D998CB2AA}.Release|Any CPU.ActiveCfg = Release|Any CPU
	EndGlobalSection
	GlobalSection(SolutionProperties) = preSolution
		HideSolutionNode = FALSE
	EndGlobalSection
	GlobalSection(ExtensibilityGlobals) = postSolution
		SolutionGuid = {12838383-91F8-4C61-B7BE-464714EE0DBB}
	EndGlobalSection
EndGlobal
